
Microsoft Visual Studio Solution File, Format Version 12.00
# Visual Studio Version 17
VisualStudioVersion = 17.0.31903.59
MinimumVisualStudioVersion = 10.0.40219.1
Project("{2150E333-8FDC-42A3-9474-1A3956D46DE8}") = "Core", "Core", "{4C835A4F-F6B7-4FB3-8142-FA08B8F6C90D}"
EndProject
Project("{FAE04EC0-301F-11D3-BF4B-00C04F79EFBC}") = "Core.Domain", "Core\Core.Domain\Core.Domain.csproj", "{ACDB8C8C-D6A0-42F9-8BA6-5AA0935C1DFA}"
EndProject
Project("{FAE04EC0-301F-11D3-BF4B-00C04F79EFBC}") = "Core.Application", "Core\Core.Application\Core.Application.csproj", "{5D860E61-A145-432A-9377-B136A0262551}"
EndProject
Project("{2150E333-8FDC-42A3-9474-1A3956D46DE8}") = "Infrastucture", "Infrastucture", "{B38F3C42-FB8E-480A-A991-EBA390E8F0B9}"
EndProject
Project("{FAE04EC0-301F-11D3-BF4B-00C04F79EFBC}") = "Infra.Data", "Infrastucture\Infra.Data\Infra.Data.csproj", "{7D1D8829-8641-4598-99C7-68939935E69B}"
EndProject
Project("{2150E333-8FDC-42A3-9474-1A3956D46DE8}") = "Adapters", "Adapters", "{8660E91C-09E3-47B8-BA45-4450CFDD8B0E}"
EndProject
Project("{FAE04EC0-301F-11D3-BF4B-00C04F79EFBC}") = "Adapter.IoC", "Adapters\Adapter.IoC\Adapter.IoC.csproj", "{535972B4-26A4-4AE3-847B-744BDF5D2326}"
EndProject
Project("{2150E333-8FDC-42A3-9474-1A3956D46DE8}") = "Presentation", "Presentation", "{C45A6938-75C4-47DF-83CC-773DCCBF6368}"
EndProject
Project("{FAE04EC0-301F-11D3-BF4B-00C04F79EFBC}") = "WepApp", "Presentation\WepApp\WepApp.csproj", "{AD40AEEB-1BF2-415E-8E90-8D337C93CCC0}"
EndProject
Project("{2150E333-8FDC-42A3-9474-1A3956D46DE8}") = "Test", "Test", "{867A7716-21EE-480E-AB46-66B632DD8BB8}"
EndProject
Project("{FAE04EC0-301F-11D3-BF4B-00C04F79EFBC}") = "Test.Core.Domain", "Test\Test.Core.Domain\Test.Core.Domain.csproj", "{B454D8B1-2040-4E46-BD5B-BC559327DE2D}"
EndProject
Global
	GlobalSection(SolutionConfigurationPlatforms) = preSolution
		Debug|Any CPU = Debug|Any CPU
		Release|Any CPU = Release|Any CPU
	EndGlobalSection
	GlobalSection(SolutionProperties) = preSolution
		HideSolutionNode = FALSE
	EndGlobalSection
	GlobalSection(ProjectConfigurationPlatforms) = postSolution
		{ACDB8C8C-D6A0-42F9-8BA6-5AA0935C1DFA}.Debug|Any CPU.ActiveCfg = Debug|Any CPU
		{ACDB8C8C-D6A0-42F9-8BA6-5AA0935C1DFA}.Debug|Any CPU.Build.0 = Debug|Any CPU
		{ACDB8C8C-D6A0-42F9-8BA6-5AA0935C1DFA}.Release|Any CPU.ActiveCfg = Release|Any CPU
		{ACDB8C8C-D6A0-42F9-8BA6-5AA0935C1DFA}.Release|Any CPU.Build.0 = Release|Any CPU
		{5D860E61-A145-432A-9377-B136A0262551}.Debug|Any CPU.ActiveCfg = Debug|Any CPU
		{5D860E61-A145-432A-9377-B136A0262551}.Debug|Any CPU.Build.0 = Debug|Any CPU
		{5D860E61-A145-432A-9377-B136A0262551}.Release|Any CPU.ActiveCfg = Release|Any CPU
		{5D860E61-A145-432A-9377-B136A0262551}.Release|Any CPU.Build.0 = Release|Any CPU
		{7D1D8829-8641-4598-99C7-68939935E69B}.Debug|Any CPU.ActiveCfg = Debug|Any CPU
		{7D1D8829-8641-4598-99C7-68939935E69B}.Debug|Any CPU.Build.0 = Debug|Any CPU
		{7D1D8829-8641-4598-99C7-68939935E69B}.Release|Any CPU.ActiveCfg = Release|Any CPU
		{7D1D8829-8641-4598-99C7-68939935E69B}.Release|Any CPU.Build.0 = Release|Any CPU
		{535972B4-26A4-4AE3-847B-744BDF5D2326}.Debug|Any CPU.ActiveCfg = Debug|Any CPU
		{535972B4-26A4-4AE3-847B-744BDF5D2326}.Debug|Any CPU.Build.0 = Debug|Any CPU
		{535972B4-26A4-4AE3-847B-744BDF5D2326}.Release|Any CPU.ActiveCfg = Release|Any CPU
		{535972B4-26A4-4AE3-847B-744BDF5D2326}.Release|Any CPU.Build.0 = Release|Any CPU
		{AD40AEEB-1BF2-415E-8E90-8D337C93CCC0}.Debug|Any CPU.ActiveCfg = Debug|Any CPU
		{AD40AEEB-1BF2-415E-8E90-8D337C93CCC0}.Debug|Any CPU.Build.0 = Debug|Any CPU
		{AD40AEEB-1BF2-415E-8E90-8D337C93CCC0}.Release|Any CPU.ActiveCfg = Release|Any CPU
		{AD40AEEB-1BF2-415E-8E90-8D337C93CCC0}.Release|Any CPU.Build.0 = Release|Any CPU
		{B454D8B1-2040-4E46-BD5B-BC559327DE2D}.Debug|Any CPU.ActiveCfg = Debug|Any CPU
		{B454D8B1-2040-4E46-BD5B-BC559327DE2D}.Debug|Any CPU.Build.0 = Debug|Any CPU
		{B454D8B1-2040-4E46-BD5B-BC559327DE2D}.Release|Any CPU.ActiveCfg = Release|Any CPU
		{B454D8B1-2040-4E46-BD5B-BC559327DE2D}.Release|Any CPU.Build.0 = Release|Any CPU
	EndGlobalSection
	GlobalSection(NestedProjects) = preSolution
		{ACDB8C8C-D6A0-42F9-8BA6-5AA0935C1DFA} = {4C835A4F-F6B7-4FB3-8142-FA08B8F6C90D}
		{5D860E61-A145-432A-9377-B136A0262551} = {4C835A4F-F6B7-4FB3-8142-FA08B8F6C90D}
		{7D1D8829-8641-4598-99C7-68939935E69B} = {B38F3C42-FB8E-480A-A991-EBA390E8F0B9}
		{535972B4-26A4-4AE3-847B-744BDF5D2326} = {8660E91C-09E3-47B8-BA45-4450CFDD8B0E}
		{AD40AEEB-1BF2-415E-8E90-8D337C93CCC0} = {C45A6938-75C4-47DF-83CC-773DCCBF6368}
		{B454D8B1-2040-4E46-BD5B-BC559327DE2D} = {867A7716-21EE-480E-AB46-66B632DD8BB8}
	EndGlobalSection
EndGlobal
